{
  "name": "MyLSM",
  "lockfileVersion": 3,
  "requires": true,
  "packages": {
    "": {
      "dependencies": {
        "superpowers": "github:obra/superpowers"
      }
    },
    "node_modules/superpowers": {
      "version": "6.3.0",
      "resolved": "git+ssh://git@github.com/obra/superpowers.git#b36e0829c6d0140e93cfef2ca599b1b07d4a7797"
    }
  }
}
